// !$*UTF8*$!
{
	archiveVersion = 1;
	classes = {
	};
	objectVersion = 46;
	objects = {

/* Begin PBXBuildFile section */
		18D4F8B215E3300900ECD371 /* UIKit.framework in Frameworks */ = {isa = PBXBuildFile; fileRef = 18D4F8B115E3300900ECD371 /* UIKit.framework */; };
		18D4F8B415E3300900ECD371 /* Foundation.framework in Frameworks */ = {isa = PBXBuildFile; fileRef = 18D4F8B315E3300900ECD371 /* Foundation.framework */; };
		18D4F8B615E3300900ECD371 /* CoreGraphics.framework in Frameworks */ = {isa = PBXBuildFile; fileRef = 18D4F8B515E3300900ECD371 /* CoreGraphics.framework */; };
		18D4F8BC15E3300900ECD371 /* InfoPlist.strings in Resources */ = {isa = PBXBuildFile; fileRef = 18D4F8BA15E3300900ECD371 /* InfoPlist.strings */; };
		18D4F8BE15E3300900ECD371 /* main.m in Sources */ = {isa = PBXBuildFile; fileRef = 18D4F8BD15E3300900ECD371 /* main.m */; };
		18D4F8C215E3300900ECD371 /* SCZAppDelegate.m in Sources */ = {isa = PBXBuildFile; fileRef = 18D4F8C115E3300900ECD371 /* SCZAppDelegate.m */; };
		18D4F8C515E3300900ECD371 /* SCZViewController.m in Sources */ = {isa = PBXBuildFile; fileRef = 18D4F8C415E3300900ECD371 /* SCZViewController.m */; };
		18D4F8C815E3300900ECD371 /* SCZViewController.xib in Resources */ = {isa = PBXBuildFile; fileRef = 18D4F8C615E3300900ECD371 /* SCZViewController.xib */; };
		18D4F8D015E3304800ECD371 /* UIView+DamageHUD.m in Sources */ = {isa = PBXBuildFile; fileRef = 18D4F8CF15E3304800ECD371 /* UIView+DamageHUD.m */; };
/* End PBXBuildFile section */

/* Begin PBXFileReference section */
		18D4F8AD15E3300900ECD371 /* SCZDamageHUD.app */ = {isa = PBXFileReference; explicitFileType = wrapper.application; includeInIndex = 0; path = SCZDamageHUD.app; sourceTree = BUILT_PRODUCTS_DIR; };
		18D4F8B115E3300900ECD371 /* UIKit.framework */ = {isa = PBXFileReference; lastKnownFileType = wrapper.framework; name = UIKit.framework; path = System/Library/Frameworks/UIKit.framework; sourceTree = SDKROOT; };
		18D4F8B315E3300900ECD371 /* Foundation.framework */ = {isa = PBXFileReference; lastKnownFileType = wrapper.framework; name = Foundation.framework; path = System/Library/Frameworks/Foundation.framework; sourceTree = SDKROOT; };
		18D4F8B515E3300900ECD371 /* CoreGraphics.framework */ = {isa = PBXFileReference; lastKnownFileType = wrapper.framework; name = CoreGraphics.framework; path = System/Library/Frameworks/CoreGraphics.framework; sourceTree = SDKROOT; };
		18D4F8B915E3300900ECD371 /* SCZDamageHUD-Info.plist */ = {isa = PBXFileReference; lastKnownFileType = text.plist.xml; path = "SCZDamageHUD-Info.plist"; sourceTree = "<group>"; };
		18D4F8BB15E3300900ECD371 /* en */ = {isa = PBXFileReference; lastKnownFileType = text.plist.strings; name = en; path = en.lproj/InfoPlist.strings; sourceTree = "<group>"; };
		18D4F8BD15E3300900ECD371 /* main.m */ = {isa = PBXFileReference; lastKnownFileType = sourcecode.c.objc; path = main.m; sourceTree = "<group>"; };
		18D4F8BF15E3300900ECD371 /* SCZDamageHUD-Prefix.pch */ = {isa = PBXFileReference; lastKnownFileType = sourcecode.c.h; path = "SCZDamageHUD-Prefix.pch"; sourceTree = "<group>"; };
		18D4F8C015E3300900ECD371 /* SCZAppDelegate.h */ = {isa = PBXFileReference; lastKnownFileType = sourcecode.c.h; path = SCZAppDelegate.h; sourceTree = "<group>"; };
		18D4F8C115E3300900ECD371 /* SCZAppDelegate.m */ = {isa = PBXFileReference; lastKnownFileType = sourcecode.c.objc; path = SCZAppDelegate.m; sourceTree = "<group>"; };
		18D4F8C315E3300900ECD371 /* SCZViewController.h */ = {isa = PBXFileReference; lastKnownFileType = sourcecode.c.h; path = SCZViewController.h; sourceTree = "<group>"; };
		18D4F8C415E3300900ECD371 /* SCZViewController.m */ = {isa = PBXFileReference; lastKnownFileType = sourcecode.c.objc; path = SCZViewController.m; sourceTree = "<group>"; };
		18D4F8C715E3300900ECD371 /* en */ = {isa = PBXFileReference; lastKnownFileType = file.xib; name = en; path = en.lproj/SCZViewController.xib; sourceTree = "<group>"; };
		18D4F8CE15E3304800ECD371 /* UIView+DamageHUD.h */ = {isa = PBXFileReference; fileEncoding = 4; lastKnownFileType = sourcecode.c.h; path = "UIView+DamageHUD.h"; sourceTree = "<group>"; };
		18D4F8CF15E3304800ECD371 /* UIView+DamageHUD.m */ = {isa = PBXFileReference; fileEncoding = 4; lastKnownFileType = sourcecode.c.objc; path = "UIView+DamageHUD.m"; sourceTree = "<group>"; };
		18D4F8D515E336AB00ECD371 /* README.md */ = {isa = PBXFileReference; lastKnownFileType = text; path = README.md; sourceTree = "<group>"; };
/* End PBXFileReference section */

/* Begin PBXFrameworksBuildPhase section */
		18D4F8AA15E3300900ECD371 /* Frameworks */ = {
			isa = PBXFrameworksBuildPhase;
			buildActionMask = 2147483647;
			files = (
				18D4F8B215E3300900ECD371 /* UIKit.framework in Frameworks */,
				18D4F8B415E3300900ECD371 /* Foundation.framework in Frameworks */,
				18D4F8B615E3300900ECD371 /* CoreGraphics.framework in Frameworks */,
			);
			runOnlyForDeploymentPostprocessing = 0;
		};
/* End PBXFrameworksBuildPhase section */

/* Begin PBXGroup section */
		18D4F8A215E3300900ECD371 = {
			isa = PBXGroup;
			children = (
				18D4F8B715E3300900ECD371 /* SCZDamageHUD */,
				18D4F8B015E3300900ECD371 /* Frameworks */,
				18D4F8AE15E3300900ECD371 /* Products */,
			);
			sourceTree = "<group>";
		};
		18D4F8AE15E3300900ECD371 /* Products */ = {
			isa = PBXGroup;
			children = (
				18D4F8AD15E3300900ECD371 /* SCZDamageHUD.app */,
			);
			name = Products;
			sourceTree = "<group>";
		};
		18D4F8B015E3300900ECD371 /* Frameworks */ = {
			isa = PBXGroup;
			children = (
				18D4F8B115E3300900ECD371 /* UIKit.framework */,
				18D4F8B315E3300900ECD371 /* Foundation.framework */,
				18D4F8B515E3300900ECD371 /* CoreGraphics.framework */,
			);
			name = Frameworks;
			sourceTree = "<group>";
		};
		18D4F8B715E3300900ECD371 /* SCZDamageHUD */ = {
			isa = PBXGroup;
			children = (
				18D4F8D515E336AB00ECD371 /* README.md */,
				18D4F8CE15E3304800ECD371 /* UIView+DamageHUD.h */,
				18D4F8CF15E3304800ECD371 /* UIView+DamageHUD.m */,
				18D4F8C015E3300900ECD371 /* SCZAppDelegate.h */,
				18D4F8C115E3300900ECD371 /* SCZAppDelegate.m */,
				18D4F8C315E3300900ECD371 /* SCZViewController.h */,
				18D4F8C415E3300900ECD371 /* SCZViewController.m */,
				18D4F8C615E3300900ECD371 /* SCZViewController.xib */,
				18D4F8B815E3300900ECD371 /* Supporting Files */,
			);
			path = SCZDamageHUD;
			sourceTree = "<group>";
		};
		18D4F8B815E3300900ECD371 /* Supporting Files */ = {
			isa = PBXGroup;
			children = (
				18D4F8B915E3300900ECD371 /* SCZDamageHUD-Info.plist */,
				18D4F8BA15E3300900ECD371 /* InfoPlist.strings */,
				18D4F8BD15E3300900ECD371 /* main.m */,
				18D4F8BF15E3300900ECD371 /* SCZDamageHUD-Prefix.pch */,
			);
			name = "Supporting Files";
			sourceTree = "<group>";
		};
/* End PBXGroup section */

/* Begin PBXNativeTarget section */
		18D4F8AC15E3300900ECD371 /* SCZDamageHUD */ = {
			isa = PBXNativeTarget;
			buildConfigurationList = 18D4F8CB15E3300900ECD371 /* Build configuration list for PBXNativeTarget "SCZDamageHUD" */;
			buildPhases = (
				18D4F8A915E3300900ECD371 /* Sources */,
				18D4F8AA15E3300900ECD371 /* Frameworks */,
				18D4F8AB15E3300900ECD371 /* Resources */,
			);
			buildRules = (
			);
			dependencies = (
			);
			name = SCZDamageHUD;
			productName = SCZDamageHUD;
			productReference = 18D4F8AD15E3300900ECD371 /* SCZDamageHUD.app */;
			productType = "com.apple.product-type.application";
		};
/* End PBXNativeTarget section */

/* Begin PBXProject section */
		18D4F8A415E3300900ECD371 /* Project object */ = {
			isa = PBXProject;
			attributes = {
				CLASSPREFIX = SCZ;
				LastUpgradeCheck = 0440;
				ORGANIZATIONNAME = StCredZero;
			};
			buildConfigurationList = 18D4F8A715E3300900ECD371 /* Build configuration list for PBXProject "SCZDamageHUD" */;
			compatibilityVersion = "Xcode 3.2";
			developmentRegion = English;
			hasScannedForEncodings = 0;
			knownRegions = (
				en,
			);
			mainGroup = 18D4F8A215E3300900ECD371;
			productRefGroup = 18D4F8AE15E3300900ECD371 /* Products */;
			projectDirPath = "";
			projectRoot = "";
			targets = (
				18D4F8AC15E3300900ECD371 /* SCZDamageHUD */,
			);
		};
/* End PBXProject section */

/* Begin PBXResourcesBuildPhase section */
		18D4F8AB15E3300900ECD371 /* Resources */ = {
			isa = PBXResourcesBuildPhase;
			buildActionMask = 2147483647;
			files = (
				18D4F8BC15E3300900ECD371 /* InfoPlist.strings in Resources */,
				18D4F8C815E3300900ECD371 /* SCZViewController.xib in Resources */,
			);
			runOnlyForDeploymentPostprocessing = 0;
		};
/* End PBXResourcesBuildPhase section */

/* Begin PBXSourcesBuildPhase section */
		18D4F8A915E3300900ECD371 /* Sources */ = {
			isa = PBXSourcesBuildPhase;
			buildActionMask = 2147483647;
			files = (
				18D4F8BE15E3300900ECD371 /* main.m in Sources */,
				18D4F8C215E3300900ECD371 /* SCZAppDelegate.m in Sources */,
				18D4F8C515E3300900ECD371 /* SCZViewController.m in Sources */,
				18D4F8D015E3304800ECD371 /* UIView+DamageHUD.m in Sources */,
			);
			runOnlyForDeploymentPostprocessing = 0;
		};
/* End PBXSourcesBuildPhase section */

/* Begin PBXVariantGroup section */
		18D4F8BA15E3300900ECD371 /* InfoPlist.strings */ = {
			isa = PBXVariantGroup;
			children = (
				18D4F8BB15E3300900ECD371 /* en */,
			);
			name = InfoPlist.strings;
			sourceTree = "<group>";
		};
		18D4F8C615E3300900ECD371 /* SCZViewController.xib */ = {
			isa = PBXVariantGroup;
			children = (
				18D4F8C715E3300900ECD371 /* en */,
			);
			name = SCZViewController.xib;
			sourceTree = "<group>";
		};
/* End PBXVariantGroup section */

/* Begin XCBuildConfiguration section */
		18D4F8C915E3300900ECD371 /* Debug */ = {
			isa = XCBuildConfiguration;
			buildSettings = {
				ALWAYS_SEARCH_USER_PATHS = NO;
				ARCHS = "$(ARCHS_STANDARD_32_BIT)";
				CLANG_CXX_LANGUAGE_STANDARD = "gnu++0x";
				CLANG_ENABLE_OBJC_ARC = YES;
				CLANG_WARN__DUPLICATE_METHOD_MATCH = YES;
				"CODE_SIGN_IDENTITY[sdk=iphoneos*]" = "iPhone Developer";
				COPY_PHASE_STRIP = NO;
				GCC_C_LANGUAGE_STANDARD = gnu99;
				GCC_DYNAMIC_NO_PIC = NO;
				GCC_OPTIMIZATION_LEVEL = 0;
				GCC_PREPROCESSOR_DEFINITIONS = (
					"DEBUG=1",
					"$(inherited)",
				);
				GCC_SYMBOLS_PRIVATE_EXTERN = NO;
				GCC_VERSION = com.apple.compilers.llvm.clang.1_0;
				GCC_WARN_ABOUT_RETURN_TYPE = YES;
				GCC_WARN_UNINITIALIZED_AUTOS = YES;
				GCC_WARN_UNUSED_VARIABLE = YES;
				IPHONEOS_DEPLOYMENT_TARGET = 5.1;
				SDKROOT = iphoneos;
			};
			name = Debug;
		};
		18D4F8CA15E3300900ECD371 /* Release */ = {
			isa = XCBuildConfiguration;
			buildSettings = {
				ALWAYS_SEARCH_USER_PATHS = NO;
				ARCHS = "$(ARCHS_STANDARD_32_BIT)";
				CLANG_CXX_LANGUAGE_STANDARD = "gnu++0x";
				CLANG_ENABLE_OBJC_ARC = YES;
				CLANG_WARN__DUPLICATE_METHOD_MATCH = YES;
				"CODE_SIGN_IDENTITY[sdk=iphoneos*]" = "iPhone Developer";
				COPY_PHASE_STRIP = YES;
				GCC_C_LANGUAGE_STANDARD = gnu99;
				GCC_VERSION = com.apple.compilers.llvm.clang.1_0;
				GCC_WARN_ABOUT_RETURN_TYPE = YES;
				GCC_WARN_UNINITIALIZED_AUTOS = YES;
				GCC_WARN_UNUSED_VARIABLE = YES;
				IPHONEOS_DEPLOYMENT_TARGET = 5.1;
				OTHER_CFLAGS = "-DNS_BLOCK_ASSERTIONS=1";
				SDKROOT = iphoneos;
				VALIDATE_PRODUCT = YES;
			};
			name = Release;
		};
		18D4F8CC15E3300900ECD371 /* Debug */ = {
			isa = XCBuildConfiguration;
			buildSettings = {
				GCC_PRECOMPILE_PREFIX_HEADER = YES;
				GCC_PREFIX_HEADER = "SCZDamageHUD/SCZDamageHUD-Prefix.pch";
				INFOPLIST_FILE = "SCZDamageHUD/SCZDamageHUD-Info.plist";
				PRODUCT_NAME = "$(TARGET_NAME)";
				WRAPPER_EXTENSION = app;
			};
			name = Debug;
		};
		18D4F8CD15E3300900ECD371 /* Release */ = {
			isa = XCBuildConfiguration;
			buildSettings = {
				GCC_PRECOMPILE_PREFIX_HEADER = YES;
				GCC_PREFIX_HEADER = "SCZDamageHUD/SCZDamageHUD-Prefix.pch";
				INFOPLIST_FILE = "SCZDamageHUD/SCZDamageHUD-Info.plist";
				PRODUCT_NAME = "$(TARGET_NAME)";
				WRAPPER_EXTENSION = app;
			};
			name = Release;
		};
/* End XCBuildConfiguration section */

/* Begin XCConfigurationList section */
		18D4F8A715E3300900ECD371 /* Build configuration list for PBXProject "SCZDamageHUD" */ = {
			isa = XCConfigurationList;
			buildConfigurations = (
				18D4F8C915E3300900ECD371 /* Debug */,
				18D4F8CA15E3300900ECD371 /* Release */,
			);
			defaultConfigurationIsVisible = 0;
			defaultConfigurationName = Release;
		};
		18D4F8CB15E3300900ECD371 /* Build configuration list for PBXNativeTarget "SCZDamageHUD" */ = {
			isa = XCConfigurationList;
			buildConfigurations = (
				18D4F8CC15E3300900ECD371 /* Debug */,
				18D4F8CD15E3300900ECD371 /* Release */,
			);
			defaultConfigurationIsVisible = 0;
		};
/* End XCConfigurationList section */
	};
	rootObject = 18D4F8A415E3300900ECD371 /* Project object */;
}
